// !$*UTF8*$!
{
	archiveVersion = 1;
	classes = {
	};
	objectVersion = 55;
	objects = {

/* Begin PBXBuildFile section */
		5B62078A27EA45F900DFBD28 /* AppDelegate.swift in Sources */ = {isa = PBXBuildFile; fileRef = 5B62078927EA45F900DFBD28 /* AppDelegate.swift */; };
		5B62078C27EA45F900DFBD28 /* SceneDelegate.swift in Sources */ = {isa = PBXBuildFile; fileRef = 5B62078B27EA45F900DFBD28 /* SceneDelegate.swift */; };
		5B62079127EA45F900DFBD28 /* Main.storyboard in Resources */ = {isa = PBXBuildFile; fileRef = 5B62078F27EA45F900DFBD28 /* Main.storyboard */; };
		5B62079327EA45FA00DFBD28 /* Assets.xcassets in Resources */ = {isa = PBXBuildFile; fileRef = 5B62079227EA45FA00DFBD28 /* Assets.xcassets */; };
		5B62079627EA45FA00DFBD28 /* LaunchScreen.storyboard in Resources */ = {isa = PBXBuildFile; fileRef = 5B62079427EA45FA00DFBD28 /* LaunchScreen.storyboard */; };
		5B62079E27EA51D600DFBD28 /* InfoPersonViewController.swift in Sources */ = {isa = PBXBuildFile; fileRef = 5B62079D27EA51D600DFBD28 /* InfoPersonViewController.swift */; };
		5B6207A027EA524600DFBD28 /* PersonListViewController.swift in Sources */ = {isa = PBXBuildFile; fileRef = 5B62079F27EA524600DFBD28 /* PersonListViewController.swift */; };
		5B62ABF227EB863200D70493 /* Person.swift in Sources */ = {isa = PBXBuildFile; fileRef = 5B62ABF127EB863200D70493 /* Person.swift */; };
		5B62ABF527EB87E400D70493 /* Services.swift in Sources */ = {isa = PBXBuildFile; fileRef = 5B62ABF427EB87E400D70493 /* Services.swift */; };
/* End PBXBuildFile section */

/* Begin PBXFileReference section */
		5B62078627EA45F900DFBD28 /* PersonsList.app */ = {isa = PBXFileReference; explicitFileType = wrapper.application; includeInIndex = 0; path = PersonsList.app; sourceTree = BUILT_PRODUCTS_DIR; };
		5B62078927EA45F900DFBD28 /* AppDelegate.swift */ = {isa = PBXFileReference; lastKnownFileType = sourcecode.swift; path = AppDelegate.swift; sourceTree = "<group>"; };
		5B62078B27EA45F900DFBD28 /* SceneDelegate.swift */ = {isa = PBXFileReference; lastKnownFileType = sourcecode.swift; path = SceneDelegate.swift; sourceTree = "<group>"; };
		5B62079027EA45F900DFBD28 /* Base */ = {isa = PBXFileReference; lastKnownFileType = file.storyboard; name = Base; path = Base.lproj/Main.storyboard; sourceTree = "<group>"; };
		5B62079227EA45FA00DFBD28 /* Assets.xcassets */ = {isa = PBXFileReference; lastKnownFileType = folder.assetcatalog; path = Assets.xcassets; sourceTree = "<group>"; };
		5B62079527EA45FA00DFBD28 /* Base */ = {isa = PBXFileReference; lastKnownFileType = file.storyboard; name = Base; path = Base.lproj/LaunchScreen.storyboard; sourceTree = "<group>"; };
		5B62079727EA45FA00DFBD28 /* Info.plist */ = {isa = PBXFileReference; lastKnownFileType = text.plist.xml; path = Info.plist; sourceTree = "<group>"; };
		5B62079D27EA51D600DFBD28 /* InfoPersonViewController.swift */ = {isa = PBXFileReference; lastKnownFileType = sourcecode.swift; path = InfoPersonViewController.swift; sourceTree = "<group>"; };
		5B62079F27EA524600DFBD28 /* PersonListViewController.swift */ = {isa = PBXFileReference; lastKnownFileType = sourcecode.swift; path = PersonListViewController.swift; sourceTree = "<group>"; };
		5B62ABF127EB863200D70493 /* Person.swift */ = {isa = PBXFileReference; lastKnownFileType = sourcecode.swift; path = Person.swift; sourceTree = "<group>"; };
		5B62ABF427EB87E400D70493 /* Services.swift */ = {isa = PBXFileReference; lastKnownFileType = sourcecode.swift; path = Services.swift; sourceTree = "<group>"; };
/* End PBXFileReference section */

/* Begin PBXFrameworksBuildPhase section */
		5B62078327EA45F900DFBD28 /* Frameworks */ = {
			isa = PBXFrameworksBuildPhase;
			buildActionMask = 2147483647;
			files = (
			);
			runOnlyForDeploymentPostprocessing = 0;
		};
/* End PBXFrameworksBuildPhase section */

/* Begin PBXGroup section */
		5B5F427D27ECDE70000132BE /* ViewControllers */ = {
			isa = PBXGroup;
			children = (
			);
			path = ViewControllers;
			sourceTree = "<group>";
		};
		5B5F427E27ECDE80000132BE /* Services */ = {
			isa = PBXGroup;
			children = (
				5B62ABF427EB87E400D70493 /* Services.swift */,
			);
			path = Services;
			sourceTree = "<group>";
		};
		5B5F427F27ECDE96000132BE /* Models */ = {
			isa = PBXGroup;
			children = (
				5B62ABF127EB863200D70493 /* Person.swift */,
			);
			path = Models;
			sourceTree = "<group>";
		};
		5B5F428027ECDEFD000132BE /* StoryBoards */ = {
			isa = PBXGroup;
			children = (
				5B62078F27EA45F900DFBD28 /* Main.storyboard */,
				5B62079427EA45FA00DFBD28 /* LaunchScreen.storyboard */,
			);
			path = StoryBoards;
			sourceTree = "<group>";
		};
		5B5F428127ECDF0E000132BE /* App */ = {
			isa = PBXGroup;
			children = (
			);
			path = App;
			sourceTree = "<group>";
		};
		5B5F428227ECDF15000132BE /* Resources */ = {
			isa = PBXGroup;
			children = (
			);
			path = Resources;
			sourceTree = "<group>";
		};
		5B62077D27EA45F900DFBD28 = {
			isa = PBXGroup;
			children = (
				5B62078827EA45F900DFBD28 /* PersonList */,
				5B62078727EA45F900DFBD28 /* Products */,
			);
			sourceTree = "<group>";
		};
		5B62078727EA45F900DFBD28 /* Products */ = {
			isa = PBXGroup;
			children = (
				5B62078627EA45F900DFBD28 /* PersonsList.app */,
			);
			name = Products;
			sourceTree = "<group>";
		};
		5B62078827EA45F900DFBD28 /* PersonList */ = {
			isa = PBXGroup;
			children = (
				5B5F428227ECDF15000132BE /* Resources */,
				5B5F428127ECDF0E000132BE /* App */,
				5B5F428027ECDEFD000132BE /* StoryBoards */,
				5B5F427F27ECDE96000132BE /* Models */,
				5B5F427E27ECDE80000132BE /* Services */,
				5B5F427D27ECDE70000132BE /* ViewControllers */,
				5B62078927EA45F900DFBD28 /* AppDelegate.swift */,
				5B62079D27EA51D600DFBD28 /* InfoPersonViewController.swift */,
				5B62078B27EA45F900DFBD28 /* SceneDelegate.swift */,
				5B62079227EA45FA00DFBD28 /* Assets.xcassets */,
				5B62079727EA45FA00DFBD28 /* Info.plist */,
				5B62079F27EA524600DFBD28 /* PersonListViewController.swift */,
			);
			path = PersonList;
			sourceTree = "<group>";
		};
/* End PBXGroup section */

/* Begin PBXNativeTarget section */
		5B62078527EA45F900DFBD28 /* PersonsList */ = {
			isa = PBXNativeTarget;
			buildConfigurationList = 5B62079A27EA45FA00DFBD28 /* Build configuration list for PBXNativeTarget "PersonsList" */;
			buildPhases = (
				5B62078227EA45F900DFBD28 /* Sources */,
				5B62078327EA45F900DFBD28 /* Frameworks */,
				5B62078427EA45F900DFBD28 /* Resources */,
			);
			buildRules = (
			);
			dependencies = (
			);
			name = PersonsList;
			productName = PesonList;
			productReference = 5B62078627EA45F900DFBD28 /* PersonsList.app */;
			productType = "com.apple.product-type.application";
		};
/* End PBXNativeTarget section */

/* Begin PBXProject section */
		5B62077E27EA45F900DFBD28 /* Project object */ = {
			isa = PBXProject;
			attributes = {
				BuildIndependentTargetsInParallel = 1;
				LastSwiftUpdateCheck = 1330;
				LastUpgradeCheck = 1330;
				TargetAttributes = {
					5B62078527EA45F900DFBD28 = {
						CreatedOnToolsVersion = 13.3;
					};
				};
			};
			buildConfigurationList = 5B62078127EA45F900DFBD28 /* Build configuration list for PBXProject "PersonsList" */;
			compatibilityVersion = "Xcode 13.0";
			developmentRegion = en;
			hasScannedForEncodings = 0;
			knownRegions = (
				en,
				Base,
			);
			mainGroup = 5B62077D27EA45F900DFBD28;
			productRefGroup = 5B62078727EA45F900DFBD28 /* Products */;
			projectDirPath = "";
			projectRoot = "";
			targets = (
				5B62078527EA45F900DFBD28 /* PersonsList */,
			);
		};
/* End PBXProject section */

/* Begin PBXResourcesBuildPhase section */
		5B62078427EA45F900DFBD28 /* Resources */ = {
			isa = PBXResourcesBuildPhase;
			buildActionMask = 2147483647;
			files = (
				5B62079627EA45FA00DFBD28 /* LaunchScreen.storyboard in Resources */,
				5B62079327EA45FA00DFBD28 /* Assets.xcassets in Resources */,
				5B62079127EA45F900DFBD28 /* Main.storyboard in Resources */,
			);
			runOnlyForDeploymentPostprocessing = 0;
		};
/* End PBXResourcesBuildPhase section */

/* Begin PBXSourcesBuildPhase section */
		5B62078227EA45F900DFBD28 /* Sources */ = {
			isa = PBXSourcesBuildPhase;
			buildActionMask = 2147483647;
			files = (
				5B62ABF227EB863200D70493 /* Person.swift in Sources */,
				5B62ABF527EB87E400D70493 /* Services.swift in Sources */,
				5B62078A27EA45F900DFBD28 /* AppDelegate.swift in Sources */,
				5B62078C27EA45F900DFBD28 /* SceneDelegate.swift in Sources */,
				5B62079E27EA51D600DFBD28 /* InfoPersonViewController.swift in Sources */,
				5B6207A027EA524600DFBD28 /* PersonListViewController.swift in Sources */,
			);
			runOnlyForDeploymentPostprocessing = 0;
		};
/* End PBXSourcesBuildPhase section */

/* Begin PBXVariantGroup section */
		5B62078F27EA45F900DFBD28 /* Main.storyboard */ = {
			isa = PBXVariantGroup;
			children = (
				5B62079027EA45F900DFBD28 /* Base */,
			);
			name = Main.storyboard;
			sourceTree = "<group>";
		};
		5B62079427EA45FA00DFBD28 /* LaunchScreen.storyboard */ = {
			isa = PBXVariantGroup;
			children = (
				5B62079527EA45FA00DFBD28 /* Base */,
			);
			name = LaunchScreen.storyboard;
			sourceTree = "<group>";
		};
/* End PBXVariantGroup section */

/* Begin XCBuildConfiguration section */
		5B62079827EA45FA00DFBD28 /* Debug */ = {
			isa = XCBuildConfiguration;
			buildSettings = {
				ALWAYS_SEARCH_USER_PATHS = NO;
				CLANG_ANALYZER_NONNULL = YES;
				CLANG_ANALYZER_NUMBER_OBJECT_CONVERSION = YES_AGGRESSIVE;
				CLANG_CXX_LANGUAGE_STANDARD = "gnu++17";
				CLANG_ENABLE_MODULES = YES;
				CLANG_ENABLE_OBJC_ARC = YES;
				CLANG_ENABLE_OBJC_WEAK = YES;
				CLANG_WARN_BLOCK_CAPTURE_AUTORELEASING = YES;
				CLANG_WARN_BOOL_CONVERSION = YES;
				CLANG_WARN_COMMA = YES;
				CLANG_WARN_CONSTANT_CONVERSION = YES;
				CLANG_WARN_DEPRECATED_OBJC_IMPLEMENTATIONS = YES;
				CLANG_WARN_DIRECT_OBJC_ISA_USAGE = YES_ERROR;
				CLANG_WARN_DOCUMENTATION_COMMENTS = YES;
				CLANG_WARN_EMPTY_BODY = YES;
				CLANG_WARN_ENUM_CONVERSION = YES;
				CLANG_WARN_INFINITE_RECURSION = YES;
				CLANG_WARN_INT_CONVERSION = YES;
				CLANG_WARN_NON_LITERAL_NULL_CONVERSION = YES;
				CLANG_WARN_OBJC_IMPLICIT_RETAIN_SELF = YES;
				CLANG_WARN_OBJC_LITERAL_CONVERSION = YES;
				CLANG_WARN_OBJC_ROOT_CLASS = YES_ERROR;
				CLANG_WARN_QUOTED_INCLUDE_IN_FRAMEWORK_HEADER = YES;
				CLANG_WARN_RANGE_LOOP_ANALYSIS = YES;
				CLANG_WARN_STRICT_PROTOTYPES = YES;
				CLANG_WARN_SUSPICIOUS_MOVE = YES;
				CLANG_WARN_UNGUARDED_AVAILABILITY = YES_AGGRESSIVE;
				CLANG_WARN_UNREACHABLE_CODE = YES;
				CLANG_WARN__DUPLICATE_METHOD_MATCH = YES;
				COPY_PHASE_STRIP = NO;
				DEBUG_INFORMATION_FORMAT = dwarf;
				ENABLE_STRICT_OBJC_MSGSEND = YES;
				ENABLE_TESTABILITY = YES;
				GCC_C_LANGUAGE_STANDARD = gnu11;
				GCC_DYNAMIC_NO_PIC = NO;
				GCC_NO_COMMON_BLOCKS = YES;
				GCC_OPTIMIZATION_LEVEL = 0;
				GCC_PREPROCESSOR_DEFINITIONS = (
					"DEBUG=1",
					"$(inherited)",
				);
				GCC_WARN_64_TO_32_BIT_CONVERSION = YES;
				GCC_WARN_ABOUT_RETURN_TYPE = YES_ERROR;
				GCC_WARN_UNDECLARED_SELECTOR = YES;
				GCC_WARN_UNINITIALIZED_AUTOS = YES_AGGRESSIVE;
				GCC_WARN_UNUSED_FUNCTION = YES;
				GCC_WARN_UNUSED_VARIABLE = YES;
				IPHONEOS_DEPLOYMENT_TARGET = 15.4;
				MTL_ENABLE_DEBUG_INFO = INCLUDE_SOURCE;
				MTL_FAST_MATH = YES;
				ONLY_ACTIVE_ARCH = YES;
				SDKROOT = iphoneos;
				SWIFT_ACTIVE_COMPILATION_CONDITIONS = DEBUG;
				SWIFT_OPTIMIZATION_LEVEL = "-Onone";
			};
			name = Debug;
		};
		5B62079927EA45FA00DFBD28 /* Release */ = {
			isa = XCBuildConfiguration;
			buildSettings = {
				ALWAYS_SEARCH_USER_PATHS = NO;
				CLANG_ANALYZER_NONNULL = YES;
				CLANG_ANALYZER_NUMBER_OBJECT_CONVERSION = YES_AGGRESSIVE;
				CLANG_CXX_LANGUAGE_STANDARD = "gnu++17";
				CLANG_ENABLE_MODULES = YES;
				CLANG_ENABLE_OBJC_ARC = YES;
				CLANG_ENABLE_OBJC_WEAK = YES;
				CLANG_WARN_BLOCK_CAPTURE_AUTORELEASING = YES;
				CLANG_WARN_BOOL_CONVERSION = YES;
				CLANG_WARN_COMMA = YES;
				CLANG_WARN_CONSTANT_CONVERSION = YES;
				CLANG_WARN_DEPRECATED_OBJC_IMPLEMENTATIONS = YES;
				CLANG_WARN_DIRECT_OBJC_ISA_USAGE = YES_ERROR;
				CLANG_WARN_DOCUMENTATION_COMMENTS = YES;
				CLANG_WARN_EMPTY_BODY = YES;
				CLANG_WARN_ENUM_CONVERSION = YES;
				CLANG_WARN_INFINITE_RECURSION = YES;
				CLANG_WARN_INT_CONVERSION = YES;
				CLANG_WARN_NON_LITERAL_NULL_CONVERSION = YES;
				CLANG_WARN_OBJC_IMPLICIT_RETAIN_SELF = YES;
				CLANG_WARN_OBJC_LITERAL_CONVERSION = YES;
				CLANG_WARN_OBJC_ROOT_CLASS = YES_ERROR;
				CLANG_WARN_QUOTED_INCLUDE_IN_FRAMEWORK_HEADER = YES;
				CLANG_WARN_RANGE_LOOP_ANALYSIS = YES;
				CLANG_WARN_STRICT_PROTOTYPES = YES;
				CLANG_WARN_SUSPICIOUS_MOVE = YES;
				CLANG_WARN_UNGUARDED_AVAILABILITY = YES_AGGRESSIVE;
				CLANG_WARN_UNREACHABLE_CODE = YES;
				CLANG_WARN__DUPLICATE_METHOD_MATCH = YES;
				COPY_PHASE_STRIP = NO;
				DEBUG_INFORMATION_FORMAT = "dwarf-with-dsym";
				ENABLE_NS_ASSERTIONS = NO;
				ENABLE_STRICT_OBJC_MSGSEND = YES;
				GCC_C_LANGUAGE_STANDARD = gnu11;
				GCC_NO_COMMON_BLOCKS = YES;
				GCC_WARN_64_TO_32_BIT_CONVERSION = YES;
				GCC_WARN_ABOUT_RETURN_TYPE = YES_ERROR;
				GCC_WARN_UNDECLARED_SELECTOR = YES;
				GCC_WARN_UNINITIALIZED_AUTOS = YES_AGGRESSIVE;
				GCC_WARN_UNUSED_FUNCTION = YES;
				GCC_WARN_UNUSED_VARIABLE = YES;
				IPHONEOS_DEPLOYMENT_TARGET = 15.4;
				MTL_ENABLE_DEBUG_INFO = NO;
				MTL_FAST_MATH = YES;
				SDKROOT = iphoneos;
				SWIFT_COMPILATION_MODE = wholemodule;
				SWIFT_OPTIMIZATION_LEVEL = "-O";
				VALIDATE_PRODUCT = YES;
			};
			name = Release;
		};
		5B62079B27EA45FA00DFBD28 /* Debug */ = {
			isa = XCBuildConfiguration;
			buildSettings = {
				ASSETCATALOG_COMPILER_APPICON_NAME = AppIcon;
				ASSETCATALOG_COMPILER_GLOBAL_ACCENT_COLOR_NAME = AccentColor;
				CODE_SIGN_STYLE = Automatic;
				CURRENT_PROJECT_VERSION = 1;
				DEVELOPMENT_TEAM = U2CVC8W4ZQ;
				GENERATE_INFOPLIST_FILE = YES;
				INFOPLIST_FILE = PesonList/Info.plist;
				INFOPLIST_KEY_UIApplicationSupportsIndirectInputEvents = YES;
				INFOPLIST_KEY_UILaunchStoryboardName = LaunchScreen;
				INFOPLIST_KEY_UIMainStoryboardFile = Main;
				INFOPLIST_KEY_UISupportedInterfaceOrientations_iPad = "UIInterfaceOrientationPortrait UIInterfaceOrientationPortraitUpsideDown UIInterfaceOrientationLandscapeLeft UIInterfaceOrientationLandscapeRight";
				INFOPLIST_KEY_UISupportedInterfaceOrientations_iPhone = "UIInterfaceOrientationPortrait UIInterfaceOrientationLandscapeLeft UIInterfaceOrientationLandscapeRight";
				LD_RUNPATH_SEARCH_PATHS = (
					"$(inherited)",
					"@executable_path/Frameworks",
				);
				MARKETING_VERSION = 1.0;
				PRODUCT_BUNDLE_IDENTIFIER = by.BobrikVS.PesonList;
				PRODUCT_NAME = "$(TARGET_NAME)";
				SWIFT_EMIT_LOC_STRINGS = YES;
				SWIFT_VERSION = 5.0;
				TARGETED_DEVICE_FAMILY = 1;
			};
			name = Debug;
		};
		5B62079C27EA45FA00DFBD28 /* Release */ = {
			isa = XCBuildConfiguration;
			buildSettings = {
				ASSETCATALOG_COMPILER_APPICON_NAME = AppIcon;
				ASSETCATALOG_COMPILER_GLOBAL_ACCENT_COLOR_NAME = AccentColor;
				CODE_SIGN_STYLE = Automatic;
				CURRENT_PROJECT_VERSION = 1;
				DEVELOPMENT_TEAM = U2CVC8W4ZQ;
				GENERATE_INFOPLIST_FILE = YES;
				INFOPLIST_FILE = PesonList/Info.plist;
				INFOPLIST_KEY_UIApplicationSupportsIndirectInputEvents = YES;
				INFOPLIST_KEY_UILaunchStoryboardName = LaunchScreen;
				INFOPLIST_KEY_UIMainStoryboardFile = Main;
				INFOPLIST_KEY_UISupportedInterfaceOrientations_iPad = "UIInterfaceOrientationPortrait UIInterfaceOrientationPortraitUpsideDown UIInterfaceOrientationLandscapeLeft UIInterfaceOrientationLandscapeRight";
				INFOPLIST_KEY_UISupportedInterfaceOrientations_iPhone = "UIInterfaceOrientationPortrait UIInterfaceOrientationLandscapeLeft UIInterfaceOrientationLandscapeRight";
				LD_RUNPATH_SEARCH_PATHS = (
					"$(inherited)",
					"@executable_path/Frameworks",
				);
				MARKETING_VERSION = 1.0;
				PRODUCT_BUNDLE_IDENTIFIER = by.BobrikVS.PesonList;
				PRODUCT_NAME = "$(TARGET_NAME)";
				SWIFT_EMIT_LOC_STRINGS = YES;
				SWIFT_VERSION = 5.0;
				TARGETED_DEVICE_FAMILY = 1;
			};
			name = Release;
		};
/* End XCBuildConfiguration section */

/* Begin XCConfigurationList section */
		5B62078127EA45F900DFBD28 /* Build configuration list for PBXProject "PersonsList" */ = {
			isa = XCConfigurationList;
			buildConfigurations = (
				5B62079827EA45FA00DFBD28 /* Debug */,
				5B62079927EA45FA00DFBD28 /* Release */,
			);
			defaultConfigurationIsVisible = 0;
			defaultConfigurationName = Release;
		};
		5B62079A27EA45FA00DFBD28 /* Build configuration list for PBXNativeTarget "PersonsList" */ = {
			isa = XCConfigurationList;
			buildConfigurations = (
				5B62079B27EA45FA00DFBD28 /* Debug */,
				5B62079C27EA45FA00DFBD28 /* Release */,
			);
			defaultConfigurationIsVisible = 0;
			defaultConfigurationName = Release;
		};
/* End XCConfigurationList section */
	};
	rootObject = 5B62077E27EA45F900DFBD28 /* Project object */;
}
